lockfileVersion: '9.0'

settings:
  autoInstallPeers: true
  excludeLinksFromLockfile: false

overrides:
  tailwindcss>nanoid: 3.3.7

patchedDependencies:
  wouter@3.7.1:
    hash: 4e16e6ff3fde7d6c1024d3e0c8605dc9eb6afb690d0d49958c2f449091813072
    path: patches/wouter@3.7.1.patch

importers:

  .:
    dependencies:
      '@aws-sdk/client-s3':
        specifier: ^3.693.0
        version: 3.907.0
      '@aws-sdk/s3-request-presigner':
        specifier: ^3.693.0
        version: 3.907.0
      '@hookform/resolvers':
        specifier: ^5.2.2
        version: 5.2.2(react-hook-form@7.64.0(react@19.2.1))
      '@radix-ui/react-accordion':
        specifier: ^1.2.12
        version: 1.2.12(@types/react-dom@19.2.1(@types/react@19.2.1))(@types/react@19.2.1)(react-dom@19.2.1(react@19.2.1))(react@19.2.1)
      '@radix-ui/react-alert-dialog':
        specifier: ^1.1.15
        version: 1.1.15(@types/react-dom@19.2.1(@types/react@19.2.1))(@types/react@19.2.1)(react-dom@19.2.1(react@19.2.1))(react@19.2.1)
      '@radix-ui/react-aspect-ratio':
        specifier: ^1.1.7
        version: 1.1.7(@types/react-dom@19.2.1(@types/react@19.2.1))(@types/react@19.2.1)(react-dom@19.2.1(react@19.2.1))(react@19.2.1)
      '@radix-ui/react-avatar':
        specifier: ^1.1.10
        version: 1.1.10(@types/react-dom@19.2.1(@types/react@19.2.1))(@types/react@19.2.1)(react-dom@19.2.1(react@19.2.1))(react@19.2.1)
      '@radix-ui/react-checkbox':
        specifier: ^1.3.3
        version: 1.3.3(@types/react-dom@19.2.1(@types/react@19.2.1))(@types/react@19.2.1)(react-dom@19.2.1(react@19.2.1))(react@19.2.1)
      '@radix-ui/react-collapsible':
        specifier: ^1.1.12
        version: 1.1.12(@types/react-dom@19.2.1(@types/react@19.2.1))(@types/react@19.2.1)(react-dom@19.2.1(react@19.2.1))(react@19.2.1)
      '@radix-ui/react-context-menu':
        specifier: ^2.2.16
        version: 2.2.16(@types/react-dom@19.2.1(@types/react@19.2.1))(@types/react@19.2.1)(react-dom@19.2.1(react@19.2.1))(react@19.2.1)
      '@radix-ui/react-dialog':
        specifier: ^1.1.15
        version: 1.1.15(@types/react-dom@19.2.1(@types/react@19.2.1))(@types/react@19.2.1)(react-dom@19.2.1(react@19.2.1))(react@19.2.1)
      '@radix-ui/react-dropdown-menu':
        specifier: ^2.1.16
        version: 2.1.16(@types/react-dom@19.2.1(@types/react@19.2.1))(@types/react@19.2.1)(react-dom@19.2.1(react@19.2.1))(react@19.2.1)
      '@radix-ui/react-hover-card':
        specifier: ^1.1.15
        version: 1.1.15(@types/react-dom@19.2.1(@types/react@19.2.1))(@types/react@19.2.1)(react-dom@19.2.1(react@19.2.1))(react@19.2.1)
      '@radix-ui/react-label':
        specifier: ^2.1.7
        version: 2.1.7(@types/react-dom@19.2.1(@types/react@19.2.1))(@types/react@19.2.1)(react-dom@19.2.1(react@19.2.1))(react@19.2.1)
      '@radix-ui/react-menubar':
        specifier: ^1.1.16
        version: 1.1.16(@types/react-dom@19.2.1(@types/react@19.2.1))(@types/react@19.2.1)(react-dom@19.2.1(react@19.2.1))(react@19.2.1)
      '@radix-ui/react-navigation-menu':
        specifier: ^1.2.14
        version: 1.2.14(@types/react-dom@19.2.1(@types/react@19.2.1))(@types/react@19.2.1)(react-dom@19.2.1(react@19.2.1))(react@19.2.1)
      '@radix-ui/react-popover':
        specifier: ^1.1.15
        version: 1.1.15(@types/react-dom@19.2.1(@types/react@19.2.1))(@types/react@19.2.1)(react-dom@19.2.1(react@19.2.1))(react@19.2.1)
      '@radix-ui/react-progress':
        specifier: ^1.1.7
        version: 1.1.7(@types/react-dom@19.2.1(@types/react@19.2.1))(@types/react@19.2.1)(react-dom@19.2.1(react@19.2.1))(react@19.2.1)
      '@radix-ui/react-radio-group':
        specifier: ^1.3.8
        version: 1.3.8(@types/react-dom@19.2.1(@types/react@19.2.1))(@types/react@19.2.1)(react-dom@19.2.1(react@19.2.1))(react@19.2.1)
      '@radix-ui/react-scroll-area':
        specifier: ^1.2.10
        version: 1.2.10(@types/react-dom@19.2.1(@types/react@19.2.1))(@types/react@19.2.1)(react-dom@19.2.1(react@19.2.1))(react@19.2.1)
      '@radix-ui/react-select':
        specifier: ^2.2.6
        version: 2.2.6(@types/react-dom@19.2.1(@types/react@19.2.1))(@types/react@19.2.1)(react-dom@19.2.1(react@19.2.1))(react@19.2.1)
      '@radix-ui/react-separator':
        specifier: ^1.1.7
        version: 1.1.7(@types/react-dom@19.2.1(@types/react@19.2.1))(@types/react@19.2.1)(react-dom@19.2.1(react@19.2.1))(react@19.2.1)
      '@radix-ui/react-slider':
        specifier: ^1.3.6
        version: 1.3.6(@types/react-dom@19.2.1(@types/react@19.2.1))(@types/react@19.2.1)(react-dom@19.2.1(react@19.2.1))(react@19.2.1)
      '@radix-ui/react-slot':
        specifier: ^1.2.3
        version: 1.2.3(@types/react@19.2.1)(react@19.2.1)
      '@radix-ui/react-switch':
        specifier: ^1.2.6
        version: 1.2.6(@types/react-dom@19.2.1(@types/react@19.2.1))(@types/react@19.2.1)(react-dom@19.2.1(react@19.2.1))(react@19.2.1)
      '@radix-ui/react-tabs':
        specifier: ^1.1.13
        version: 1.1.13(@types/react-dom@19.2.1(@types/react@19.2.1))(@types/react@19.2.1)(react-dom@19.2.1(react@19.2.1))(react@19.2.1)
      '@radix-ui/react-toggle':
        specifier: ^1.1.10
        version: 1.1.10(@types/react-dom@19.2.1(@types/react@19.2.1))(@types/react@19.2.1)(react-dom@19.2.1(react@19.2.1))(react@19.2.1)
      '@radix-ui/react-toggle-group':
        specifier: ^1.1.11
        version: 1.1.11(@types/react-dom@19.2.1(@types/react@19.2.1))(@types/react@19.2.1)(react-dom@19.2.1(react@19.2.1))(react@19.2.1)
      '@radix-ui/react-tooltip':
        specifier: ^1.2.8
        version: 1.2.8(@types/react-dom@19.2.1(@types/react@19.2.1))(@types/react@19.2.1)(react-dom@19.2.1(react@19.2.1))(react@19.2.1)
      '@tanstack/react-query':
        specifier: ^5.90.2
        version: 5.90.2(react@19.2.1)
      '@trpc/client':
        specifier: ^11.6.0
        version: 11.6.0(@trpc/server@11.6.0(typescript@5.9.3))(typescript@5.9.3)
      '@trpc/react-query':
        specifier: ^11.6.0
        version: 11.6.0(@tanstack/react-query@5.90.2(react@19.2.1))(@trpc/client@11.6.0(@trpc/server@11.6.0(typescript@5.9.3))(typescript@5.9.3))(@trpc/server@11.6.0(typescript@5.9.3))(react-dom@19.2.1(react@19.2.1))(react@19.2.1)(typescript@5.9.3)
      '@trpc/server':
        specifier: ^11.6.0
        version: 11.6.0(typescript@5.9.3)
      axios:
        specifier: ^1.12.0
        version: 1.12.2
      class-variance-authority:
        specifier: ^0.7.1
        version: 0.7.1
      clsx:
        specifier: ^2.1.1
        version: 2.1.1
      cmdk:
        specifier: ^1.1.1
        version: 1.1.1(@types/react-dom@19.2.1(@types/react@19.2.1))(@types/react@19.2.1)(react-dom@19.2.1(react@19.2.1))(react@19.2.1)
      cookie:
        specifier: ^1.0.2
        version: 1.0.2
      date-fns:
        specifier: ^4.1.0
        version: 4.1.0
      dotenv:
        specifier: ^17.2.2
        version: 17.2.3
      drizzle-orm:
        specifier: ^0.44.5
        version: 0.44.6(mysql2@3.15.1)
      embla-carousel-react:
        specifier: ^8.6.0
        version: 8.6.0(react@19.2.1)
      express:
        specifier: ^4.21.2
        version: 4.21.2
      framer-motion:
        specifier: ^12.23.22
        version: 12.23.22(react-dom@19.2.1(react@19.2.1))(react@19.2.1)
      input-otp:
        specifier: ^1.4.2
        version: 1.4.2(react-dom@19.2.1(react@19.2.1))(react@19.2.1)
      jose:
        specifier: 6.1.0
        version: 6.1.0
      lucide-react:
        specifier: ^0.453.0
        version: 0.453.0(react@19.2.1)
      mysql2:
        specifier: ^3.15.0
        version: 3.15.1
      nanoid:
        specifier: ^5.1.5
        version: 5.1.6
      next-themes:
        specifier: ^0.4.6
        version: 0.4.6(react-dom@19.2.1(react@19.2.1))(react@19.2.1)
      react:
        specifier: ^19.2.1
        version: 19.2.1
      react-day-picker:
        specifier: ^9.11.1
        version: 9.11.1(react@19.2.1)
      react-dom:
        specifier: ^19.2.1
        version: 19.2.1(react@19.2.1)
      react-hook-form:
        specifier: ^7.64.0
        version: 7.64.0(react@19.2.1)
      react-resizable-panels:
        specifier: ^3.0.6
        version: 3.0.6(react-dom@19.2.1(react@19.2.1))(react@19.2.1)
      recharts:
        specifier: ^2.15.2
        version: 2.15.4(react-dom@19.2.1(react@19.2.1))(react@19.2.1)
      sonner:
        specifier: ^2.0.7
        version: 2.0.7(react-dom@19.2.1(react@19.2.1))(react@19.2.1)
      streamdown:
        specifier: ^1.4.0
        version: 1.4.0(@types/react@19.2.1)(react@19.2.1)
      superjson:
        specifier: ^1.13.3
        version: 1.13.3
      tailwind-merge:
        specifier: ^3.3.1
        version: 3.3.1
      tailwindcss-animate:
        specifier: ^1.0.7
        version: 1.0.7(tailwindcss@4.1.14)
      vaul:
        specifier: ^1.1.2
        version: 1.1.2(@types/react-dom@19.2.1(@types/react@19.2.1))(@types/react@19.2.1)(react-dom@19.2.1(react@19.2.1))(react@19.2.1)
      wouter:
        specifier: ^3.3.5
        version: 3.7.1(patch_hash=4e16e6ff3fde7d6c1024d3e0c8605dc9eb6afb690d0d49958c2f449091813072)(react@19.2.1)
      zod:
        specifier: ^4.1.12
        version: 4.1.12
    devDependencies:
      '@builder.io/vite-plugin-jsx-loc':
        specifier: ^0.1.1
        version: 0.1.1(vite@7.1.9(@types/node@24.7.0)(jiti@2.6.1)(lightningcss@1.30.1)(tsx@4.20.6))
      '@tailwindcss/typography':
        specifier: ^0.5.15
        version: 0.5.19(tailwindcss@4.1.14)
      '@tailwindcss/vite':
        specifier: ^4.1.3
        version: 4.1.14(vite@7.1.9(@types/node@24.7.0)(jiti@2.6.1)(lightningcss@1.30.1)(tsx@4.20.6))
      '@types/express':
        specifier: 4.17.21
        version: 4.17.21
      '@types/google.maps':
        specifier: ^3.58.1
        version: 3.58.1
      '@types/node':
        specifier: ^24.7.0
        version: 24.7.0
      '@types/react':
        specifier: ^19.2.1
        version: 19.2.1
      '@types/react-dom':
        specifier: ^19.2.1
        version: 19.2.1(@types/react@19.2.1)
      '@vitejs/plugin-react':
        specifier: ^5.0.4
        version: 5.0.4(vite@7.1.9(@types/node@24.7.0)(jiti@2.6.1)(lightningcss@1.30.1)(tsx@4.20.6))
      add:
        specifier: ^2.0.6
        version: 2.0.6
      autoprefixer:
        specifier: ^10.4.20
        version: 10.4.21(postcss@8.5.6)
      drizzle-kit:
        specifier: ^0.31.4
        version: 0.31.5
      esbuild:
        specifier: ^0.25.0
        version: 0.25.10
      pnpm:
        specifier: ^10.15.1
        version: 10.18.0
      postcss:
        specifier: ^8.4.47
        version: 8.5.6
      prettier:
        specifier: ^3.6.2
        version: 3.6.2
      tailwindcss:
        specifier: ^4.1.14
        version: 4.1.14
      tsx:
        specifier: ^4.19.1
        version: 4.20.6
      tw-animate-css:
        specifier: ^1.4.0
        version: 1.4.0
      typescript:
        specifier: 5.9.3
        version: 5.9.3
      vite:
        specifier: ^7.1.7
        version: 7.1.9(@types/node@24.7.0)(jiti@2.6.1)(lightningcss@1.30.1)(tsx@4.20.6)
      vite-plugin-manus-runtime:
        specifier: ^0.0.58
        version: 0.0.58
      vitest:
        specifier: ^2.1.4
        version: 2.1.9(@types/node@24.7.0)(lightningcss@1.30.1)

packages:

  '@antfu/install-pkg@1.1.0':
    resolution: {integrity: sha512-MGQsmw10ZyI+EJo45CdSER4zEb+p31LpDAFp2Z3gkSd1yqVZGi0Ebx++YTEMonJy4oChEMLsxZ64j8FH6sSqtQ==}

  '@antfu/utils@9.3.0':
    resolution: {integrity: sha512-9hFT4RauhcUzqOE4f1+frMKLZrgNog5b06I7VmZQV1BkvwvqrbC8EBZf3L1eEL2AKb6rNKjER0sEvJiSP1FXEA==}

  '@aws-crypto/crc32@5.2.0':
    resolution: {integrity: sha512-nLbCWqQNgUiwwtFsen1AdzAtvuLRsQS8rYgMuxCrdKf9kOssamGLuPwyTY9wyYblNr9+1XM8v6zoDTPPSIeANg==}
    engines: {node: '>=16.0.0'}

  '@aws-crypto/crc32c@5.2.0':
    resolution: {integrity: sha512-+iWb8qaHLYKrNvGRbiYRHSdKRWhto5XlZUEBwDjYNf+ly5SVYG6zEoYIdxvf5R3zyeP16w4PLBn3rH1xc74Rag==}

  '@aws-crypto/sha1-browser@5.2.0':
    resolution: {integrity: sha512-OH6lveCFfcDjX4dbAvCFSYUjJZjDr/3XJ3xHtjn3Oj5b9RjojQo8npoLeA/bNwkOkrSQ0wgrHzXk4tDRxGKJeg==}

  '@aws-crypto/sha256-browser@5.2.0':
    resolution: {integrity: sha512-AXfN/lGotSQwu6HNcEsIASo7kWXZ5HYWvfOmSNKDsEqC4OashTp8alTmaz+F7TC2L083SFv5RdB+qU3Vs1kZqw==}

  '@aws-crypto/sha256-js@5.2.0':
    resolution: {integrity: sha512-FFQQyu7edu4ufvIZ+OadFpHHOt+eSTBaYaki44c+akjg7qZg9oOQeLlk77F6tSYqjDAFClrHJk9tMf0HdVyOvA==}
    engines: {node: '>=16.0.0'}

  '@aws-crypto/supports-web-crypto@5.2.0':
    resolution: {integrity: sha512-iAvUotm021kM33eCdNfwIN//F77/IADDSs58i+MDaOqFrVjZo9bAal0NK7HurRuWLLpF1iLX7gbWrjHjeo+YFg==}

  '@aws-crypto/util@5.2.0':
    resolution: {integrity: sha512-4RkU9EsI6ZpBve5fseQlGNUWKMa1RLPQ1dnjnQoe07ldfIzcsGb5hC5W0Dm7u423KWzawlrpbjXBrXCEv9zazQ==}

  '@aws-sdk/client-s3@3.907.0':
    resolution: {integrity: sha512-A606SYZtnrVDuuQTsG5fEurHMUeJeqh5TFLx0m3t2x27USuLH0dlw9s2ygFFdAcyzVG7u+my0CIMNQPWida/NA==}
    engines: {node: '>=18.0.0'}

  '@aws-sdk/client-sso@3.907.0':
    resolution: {integrity: sha512-ANuu0duNTcQHv0g5YrEuWImT8o9t6li3A+MtAaKxIbTA3eFQnl6xHDxyrbsrU19FtKPg3CWhvfY04j6DaDvR8g==}
    engines: {node: '>=18.0.0'}

  '@aws-sdk/core@3.907.0':
    resolution: {integrity: sha512-vuIHL8qUcA5oNi7IWSZauCMaXstWTcSsnK1iHcvg92ddGDo1LMd2kQNo0G9UANa8vOfc908+8xKO40gfL8+M7w==}
    engines: {node: '>=18.0.0'}

  '@aws-sdk/credential-provider-env@3.907.0':
    resolution: {integrity: sha512-orqT6djon57y09Ci5q0kezisrEvr78Z+7WvZbq0ZC0Ncul4RgJfCmhcgmzNPaWA18NEI0wGytaxYh3YFE7kIBQ==}
    engines: {node: '>=18.0.0'}

  '@aws-sdk/credential-provider-http@3.907.0':
    resolution: {integrity: sha512-CKG/0hT4o8K2aQKOe+xwGP3keSNOyryhZNmKuHPuMRVlsJfO6wNxlu37HcUPzihJ+S2pOmTVGUbeVMCxJVUJmw==}
    engines: {node: '>=18.0.0'}

  '@aws-sdk/credential-provider-ini@3.907.0':
    resolution: {integrity: sha512-Clz1YdXrgQ5WIlcRE7odHbgM/INBxy49EA3csDITafHaDPtPRL39zkQtB5+Lwrrt/Gg0xBlyTbvP5Snan+0lqA==}
    engines: {node: '>=18.0.0'}

  '@aws-sdk/credential-provider-node@3.907.0':
    resolution: {integrity: sha512-w6Hhc4rV/CFaBliIh9Ph/T59xdGcTF6WmPGzzpykjl68+jcJyUem82hbTVIGaMCpvhx8VRqEr5AEXCXdbDbojw==}
    engines: {node: '>=18.0.0'}

  '@aws-sdk/credential-provider-process@3.907.0':
    resolution: {integrity: sha512-MBWpZqZtKkpM/LOGD5quXvlHJJN8YIP4GKo2ad8y1fEEVydwI8cggyXuauMPV7GllW8d0u3kQUs+4rxm1VaS4w==}
    engines: {node: '>=18.0.0'}

  '@aws-sdk/credential-provider-sso@3.907.0':
    resolution: {integrity: sha512-F8I7xwIt0mhdg8NrC70HDmhDRx3ValBvmWH3YkWsjZltWIFozhQCCDISRPhanMkXVhSFmZY0FJ5Lo+B/SZvAAA==}
    engines: {node: '>=18.0.0'}

  '@aws-sdk/credential-provider-web-identity@3.907.0':
    resolution: {integrity: sha512-1CmRE/M8LJ/joXm5vUsKkQS35MoWA4xvUH9J1jyCuL3J9A8M+bnTe6ER8fnNLgmEs6ikdmYEIdfijPpBjBpFig==}
    engines: {node: '>=18.0.0'}

  '@aws-sdk/middleware-bucket-endpoint@3.901.0':
    resolution: {integrity: sha512-mPF3N6eZlVs9G8aBSzvtoxR1RZqMo1aIwR+X8BAZSkhfj55fVF2no4IfPXfdFO3I66N+zEQ8nKoB0uTATWrogQ==}
    engines: {node: '>=18.0.0'}

  '@aws-sdk/middleware-expect-continue@3.901.0':
    resolution: {integrity: sha512-bwq9nj6MH38hlJwOY9QXIDwa6lI48UsaZpaXbdD71BljEIRlxDzfB4JaYb+ZNNK7RIAdzsP/K05mJty6KJAQHw==}
    engines: {node: '>=18.0.0'}

  '@aws-sdk/middleware-flexible-checksums@3.907.0':
    resolution: {integrity: sha512-rrJFVsaeGr+bYOzUO2ph9LihFPNq9wcdg/9gcDI3oC9LtOgKeidFgU4t9603WGKGc2eXf4MxzYnaf7LXDOnVvQ==}
    engines: {node: '>=18.0.0'}

  '@aws-sdk/middleware-host-header@3.901.0':
    resolution: {integrity: sha512-yWX7GvRmqBtbNnUW7qbre3GvZmyYwU0WHefpZzDTYDoNgatuYq6LgUIQ+z5C04/kCRoFkAFrHag8a3BXqFzq5A==}
    engines: {node: '>=18.0.0'}

  '@aws-sdk/middleware-location-constraint@3.901.0':
    resolution: {integrity: sha512-MuCS5R2ngNoYifkVt05CTULvYVWX0dvRT0/Md4jE3a0u0yMygYy31C1zorwfE/SUgAQXyLmUx8ATmPp9PppImQ==}
    engines: {node: '>=18.0.0'}

  '@aws-sdk/middleware-logger@3.901.0':
    resolution: {integrity: sha512-UoHebjE7el/tfRo8/CQTj91oNUm+5Heus5/a4ECdmWaSCHCS/hXTsU3PTTHAY67oAQR8wBLFPfp3mMvXjB+L2A==}
    engines: {node: '>=18.0.0'}

  '@aws-sdk/middleware-recursion-detection@3.901.0':
    resolution: {integrity: sha512-Wd2t8qa/4OL0v/oDpCHHYkgsXJr8/ttCxrvCKAt0H1zZe2LlRhY9gpDVKqdertfHrHDj786fOvEQA28G1L75Dg==}
    engines: {node: '>=18.0.0'}

  '@aws-sdk/middleware-sdk-s3@3.907.0':
    resolution: {integrity: sha512-8VVxcZPmJOKI8P08v5ARvoXbLV41abpAIIkt388fp/lwtfzbnXt6sWhhAk/pHgvCR1NnuvkbGuXGVcux59648Q==}
    engines: {node: '>=18.0.0'}

  '@aws-sdk/middleware-ssec@3.901.0':
    resolution: {integrity: sha512-YiLLJmA3RvjL38mFLuu8fhTTGWtp2qT24VqpucgfoyziYcTgIQkJJmKi90Xp6R6/3VcArqilyRgM1+x8i/em+Q==}
    engines: {node: '>=18.0.0'}

  '@aws-sdk/middleware-user-agent@3.907.0':
    resolution: {integrity: sha512-j/h3lk4X6AAXvusx/h8rr0zlo7G0l0quZM4k4rS/9jzatI53HCsrMaiGu6YXbxuVqtfMqv0MAj0MVhaMsAIs4A==}
    engines: {node: '>=18.0.0'}

  '@aws-sdk/nested-clients@3.907.0':
    resolution: {integrity: sha512-LycXsdC5sMIc+Az5z1Mo2eYShr2kLo2gUgx7Rja3udG0GdqgdR/NNJ6ArmDCeKk2O5RFS5EgEg89bT55ecl5Uw==}
    engines: {node: '>=18.0.0'}

  '@aws-sdk/region-config-resolver@3.901.0':
    resolution: {integrity: sha512-7F0N888qVLHo4CSQOsnkZ4QAp8uHLKJ4v3u09Ly5k4AEStrSlFpckTPyUx6elwGL+fxGjNE2aakK8vEgzzCV0A==}
    engines: {node: '>=18.0.0'}

  '@aws-sdk/s3-request-presigner@3.907.0':
    resolution: {integrity: sha512-7RZH4fhCRVq8bacAZd6x+Ko04cmV+Zq4Axk1HZqL3epZ+r4HLR/0NklYZjr/dqMlMx9VbexzNkpBY1VgWxOSyQ==}
    engines: {node: '>=18.0.0'}

  '@aws-sdk/signature-v4-multi-region@3.907.0':
    resolution: {integrity: sha512-f5XHRu6MTbjB/ud5RwBZzntYMgThRaDur5PJRZ1CaYAL8gZLNuEpJLzUA7o3queeSfE9JboO+cm1gZnOfnYJkg==}
    engines: {node: '>=18.0.0'}

  '@aws-sdk/token-providers@3.907.0':
    resolution: {integrity: sha512-HjPbNft1Ad8X1lHQG21QXy9pitdXA+OKH6NtcXg57A31002tM+SkyUmU6ty1jbsRBEScxziIVe5doI1NmkHheA==}
    engines: {node: '>=18.0.0'}

  '@aws-sdk/types@3.901.0':
    resolution: {integrity: sha512-FfEM25hLEs4LoXsLXQ/q6X6L4JmKkKkbVFpKD4mwfVHtRVQG6QxJiCPcrkcPISquiy6esbwK2eh64TWbiD60cg==}
    engines: {node: '>=18.0.0'}

  '@aws-sdk/util-arn-parser@3.893.0':
    resolution: {integrity: sha512-u8H4f2Zsi19DGnwj5FSZzDMhytYF/bCh37vAtBsn3cNDL3YG578X5oc+wSX54pM3tOxS+NY7tvOAo52SW7koUA==}
    engines: {node: '>=18.0.0'}

  '@aws-sdk/util-endpoints@3.901.0':
    resolution: {integrity: sha512-5nZP3hGA8FHEtKvEQf4Aww5QZOkjLW1Z+NixSd+0XKfHvA39Ah5sZboScjLx0C9kti/K3OGW1RCx5K9Zc3bZqg==}
    engines: {node: '>=18.0.0'}

  '@aws-sdk/util-format-url@3.901.0':
    resolution: {integrity: sha512-GGUnJKrh3OF1F3YRSWtwPLbN904Fcfxf03gujyq1rcrDRPEkzoZB+2BzNkB27SsU6lAlwNq+4aRlZRVUloPiag==}
    engines: {node: '>=18.0.0'}

  '@aws-sdk/util-locate-window@3.893.0':
    resolution: {integrity: sha512-T89pFfgat6c8nMmpI8eKjBcDcgJq36+m9oiXbcUzeU55MP9ZuGgBomGjGnHaEyF36jenW9gmg3NfZDm0AO2XPg==}
    engines: {node: '>=18.0.0'}

  '@aws-sdk/util-user-agent-browser@3.907.0':
    resolution: {integrity: sha512-Hus/2YCQmtCEfr4Ls88d07Q99Ex59uvtktiPTV963Q7w7LHuIT/JBjrbwNxtSm2KlJR9PHNdqxwN+fSuNsMGMQ==}

  '@aws-sdk/util-user-agent-node@3.907.0':
    resolution: {integrity: sha512-r2Bc8VCU6ymkuem+QWT6oDdGvaYnK0YHg77SGUF47k+JsztSt1kZR0Y0q8jRH97bOsXldThyEcYsNbqDERa1Uw==}
    engines: {node: '>=18.0.0'}
    peerDependencies:
      aws-crt: '>=1.0.0'
    peerDependenciesMeta:
      aws-crt:
        optional: true

  '@aws-sdk/xml-builder@3.901.0':
    resolution: {integrity: sha512-pxFCkuAP7Q94wMTNPAwi6hEtNrp/BdFf+HOrIEeFQsk4EoOmpKY3I6S+u6A9Wg295J80Kh74LqDWM22ux3z6Aw==}
    engines: {node: '>=18.0.0'}

  '@aws/lambda-invoke-store@0.0.1':
    resolution: {integrity: sha512-ORHRQ2tmvnBXc8t/X9Z8IcSbBA4xTLKuN873FopzklHMeqBst7YG0d+AX97inkvDX+NChYtSr+qGfcqGFaI8Zw==}
    engines: {node: '>=18.0.0'}

  '@babel/code-frame@7.27.1':
    resolution: {integrity: sha512-cjQ7ZlQ0Mv3b47hABuTevyTuYN4i+loJKGeV9flcCgIK37cCXRh+L1bd3iBHlynerhQ7BhCkn2BPbQUL+rGqFg==}
    engines: {node: '>=6.9.0'}

  '@babel/compat-data@7.28.4':
    resolution: {integrity: sha512-YsmSKC29MJwf0gF8Rjjrg5LQCmyh+j/nD8/eP7f+BeoQTKYqs9RoWbjGOdy0+1Ekr68RJZMUOPVQaQisnIo4Rw==}
    engines: {node: '>=6.9.0'}

  '@babel/core@7.28.4':
    resolution:
